<?xml version="1.0" encoding="UTF-8"?>
<!DOCTYPE plist PUBLIC "-//Apple//DTD PLIST 1.0//EN" "http://www.apple.com/DTDs/PropertyList-1.0.dtd">
<plist version="1.0">
<dict>
	<key>archiveVersion</key>
	<string>1</string>
	<key>classes</key>
	<dict/>
	<key>objectVersion</key>
	<string>46</string>
	<key>objects</key>
	<dict>
		<key>0D1FFD9A199B400AA3D62DD8</key>
		<dict>
			<key>includeInIndex</key>
			<string>1</string>
			<key>isa</key>
			<string>PBXFileReference</string>
			<key>lastKnownFileType</key>
			<string>text.xcconfig</string>
			<key>name</key>
			<string>Pods.xcconfig</string>
			<key>path</key>
			<string>Pods/Pods.xcconfig</string>
			<key>sourceTree</key>
			<string>&lt;group&gt;</string>
		</dict>
		<key>1352830AC24B4636903BCC89</key>
		<dict>
			<key>fileRef</key>
			<string>65B77122DB0A42DAB59E6166</string>
			<key>isa</key>
			<string>PBXBuildFile</string>
		</dict>
		<key>3415E671EB774EEDB05EAD27</key>
		<dict>
			<key>fileRef</key>
			<string>96A60109F6B2446F8B85BF6A</string>
			<key>isa</key>
			<string>PBXBuildFile</string>
		</dict>
		<key>4248071CDB87466DAFE36AA2</key>
		<dict>
			<key>includeInIndex</key>
			<string>1</string>
			<key>isa</key>
			<string>PBXFileReference</string>
			<key>lastKnownFileType</key>
			<string>text.xcconfig</string>
			<key>name</key>
			<string>Pods-VMRACProjectTests.xcconfig</string>
			<key>path</key>
			<string>Pods/Pods-VMRACProjectTests.xcconfig</string>
			<key>sourceTree</key>
			<string>&lt;group&gt;</string>
		</dict>
		<key>525DAB1F1895B1A600BD52D5</key>
		<dict>
			<key>children</key>
			<array>
				<string>525DAB311895B1A700BD52D5</string>
				<string>525DAB4A1895B1A700BD52D5</string>
				<string>525DAB2A1895B1A600BD52D5</string>
				<string>525DAB291895B1A600BD52D5</string>
				<string>0D1FFD9A199B400AA3D62DD8</string>
				<string>4248071CDB87466DAFE36AA2</string>
			</array>
			<key>isa</key>
			<string>PBXGroup</string>
			<key>sourceTree</key>
			<string>&lt;group&gt;</string>
		</dict>
		<key>525DAB201895B1A600BD52D5</key>
		<dict>
			<key>attributes</key>
			<dict>
				<key>CLASSPREFIX</key>
				<string>VM</string>
				<key>LastUpgradeCheck</key>
				<string>0500</string>
				<key>ORGANIZATIONNAME</key>
				<string>Vittorio Monaco</string>
				<key>TargetAttributes</key>
				<dict>
					<key>525DAB421895B1A700BD52D5</key>
					<dict>
						<key>TestTargetID</key>
						<string>525DAB271895B1A600BD52D5</string>
					</dict>
				</dict>
			</dict>
			<key>buildConfigurationList</key>
			<string>525DAB231895B1A600BD52D5</string>
			<key>compatibilityVersion</key>
			<string>Xcode 3.2</string>
			<key>developmentRegion</key>
			<string>English</string>
			<key>hasScannedForEncodings</key>
			<string>0</string>
			<key>isa</key>
			<string>PBXProject</string>
			<key>knownRegions</key>
			<array>
				<string>en</string>
			</array>
			<key>mainGroup</key>
			<string>525DAB1F1895B1A600BD52D5</string>
			<key>productRefGroup</key>
			<string>525DAB291895B1A600BD52D5</string>
			<key>projectDirPath</key>
			<string></string>
			<key>projectReferences</key>
			<array/>
			<key>projectRoot</key>
			<string></string>
			<key>targets</key>
			<array>
				<string>525DAB271895B1A600BD52D5</string>
				<string>525DAB421895B1A700BD52D5</string>
			</array>
		</dict>
		<key>525DAB231895B1A600BD52D5</key>
		<dict>
			<key>buildConfigurations</key>
			<array>
				<string>525DAB521895B1A700BD52D5</string>
				<string>525DAB531895B1A700BD52D5</string>
			</array>
			<key>defaultConfigurationIsVisible</key>
			<string>0</string>
			<key>defaultConfigurationName</key>
			<string>Release</string>
			<key>isa</key>
			<string>XCConfigurationList</string>
		</dict>
		<key>525DAB241895B1A600BD52D5</key>
		<dict>
			<key>buildActionMask</key>
			<string>2147483647</string>
			<key>files</key>
			<array>
				<string>525DAB381895B1A700BD52D5</string>
				<string>525DAB3C1895B1A700BD52D5</string>
			</array>
			<key>isa</key>
			<string>PBXSourcesBuildPhase</string>
			<key>runOnlyForDeploymentPostprocessing</key>
			<string>0</string>
		</dict>
		<key>525DAB251895B1A600BD52D5</key>
		<dict>
			<key>buildActionMask</key>
			<string>2147483647</string>
			<key>files</key>
			<array>
				<string>525DAB2E1895B1A700BD52D5</string>
				<string>525DAB301895B1A700BD52D5</string>
				<string>525DAB2C1895B1A600BD52D5</string>
				<string>1352830AC24B4636903BCC89</string>
			</array>
			<key>isa</key>
			<string>PBXFrameworksBuildPhase</string>
			<key>runOnlyForDeploymentPostprocessing</key>
			<string>0</string>
		</dict>
		<key>525DAB261895B1A600BD52D5</key>
		<dict>
			<key>buildActionMask</key>
			<string>2147483647</string>
			<key>files</key>
			<array>
				<string>525DAB361895B1A700BD52D5</string>
				<string>525DAB3E1895B1A700BD52D5</string>
			</array>
			<key>isa</key>
			<string>PBXResourcesBuildPhase</string>
			<key>runOnlyForDeploymentPostprocessing</key>
			<string>0</string>
		</dict>
		<key>525DAB271895B1A600BD52D5</key>
		<dict>
			<key>buildConfigurationList</key>
			<string>525DAB541895B1A700BD52D5</string>
			<key>buildPhases</key>
			<array>
				<string>95E6D79C12354789AC461F70</string>
				<string>525DAB241895B1A600BD52D5</string>
				<string>525DAB251895B1A600BD52D5</string>
				<string>525DAB261895B1A600BD52D5</string>
				<string>BDA4BD75C92442C3B5FC7CA6</string>
			</array>
			<key>buildRules</key>
			<array/>
			<key>dependencies</key>
			<array/>
			<key>isa</key>
			<string>PBXNativeTarget</string>
			<key>name</key>
			<string>VMRACProject</string>
			<key>productName</key>
			<string>VMRACProject</string>
			<key>productReference</key>
			<string>525DAB281895B1A600BD52D5</string>
			<key>productType</key>
			<string>com.apple.product-type.application</string>
		</dict>
		<key>525DAB281895B1A600BD52D5</key>
		<dict>
			<key>explicitFileType</key>
			<string>wrapper.application</string>
			<key>includeInIndex</key>
			<string>0</string>
			<key>isa</key>
			<string>PBXFileReference</string>
			<key>path</key>
			<string>VMRACProject.app</string>
			<key>sourceTree</key>
			<string>BUILT_PRODUCTS_DIR</string>
		</dict>
		<key>525DAB291895B1A600BD52D5</key>
		<dict>
			<key>children</key>
			<array>
				<string>525DAB281895B1A600BD52D5</string>
				<string>525DAB431895B1A700BD52D5</string>
			</array>
			<key>isa</key>
			<string>PBXGroup</string>
			<key>name</key>
			<string>Products</string>
			<key>sourceTree</key>
			<string>&lt;group&gt;</string>
		</dict>
		<key>525DAB2A1895B1A600BD52D5</key>
		<dict>
			<key>children</key>
			<array>
				<string>525DAB2B1895B1A600BD52D5</string>
				<string>525DAB2D1895B1A700BD52D5</string>
				<string>525DAB2F1895B1A700BD52D5</string>
				<string>525DAB441895B1A700BD52D5</string>
				<string>65B77122DB0A42DAB59E6166</string>
				<string>96A60109F6B2446F8B85BF6A</string>
			</array>
			<key>isa</key>
			<string>PBXGroup</string>
			<key>name</key>
			<string>Frameworks</string>
			<key>sourceTree</key>
			<string>&lt;group&gt;</string>
		</dict>
		<key>525DAB2B1895B1A600BD52D5</key>
		<dict>
			<key>isa</key>
			<string>PBXFileReference</string>
			<key>lastKnownFileType</key>
			<string>wrapper.framework</string>
			<key>name</key>
			<string>Foundation.framework</string>
			<key>path</key>
			<string>System/Library/Frameworks/Foundation.framework</string>
			<key>sourceTree</key>
			<string>SDKROOT</string>
		</dict>
		<key>525DAB2C1895B1A600BD52D5</key>
		<dict>
			<key>fileRef</key>
			<string>525DAB2B1895B1A600BD52D5</string>
			<key>isa</key>
			<string>PBXBuildFile</string>
		</dict>
		<key>525DAB2D1895B1A700BD52D5</key>
		<dict>
			<key>isa</key>
			<string>PBXFileReference</string>
			<key>lastKnownFileType</key>
			<string>wrapper.framework</string>
			<key>name</key>
			<string>CoreGraphics.framework</string>
			<key>path</key>
			<string>System/Library/Frameworks/CoreGraphics.framework</string>
			<key>sourceTree</key>
			<string>SDKROOT</string>
		</dict>
		<key>525DAB2E1895B1A700BD52D5</key>
		<dict>
			<key>fileRef</key>
			<string>525DAB2D1895B1A700BD52D5</string>
			<key>isa</key>
			<string>PBXBuildFile</string>
		</dict>
		<key>525DAB2F1895B1A700BD52D5</key>
		<dict>
			<key>isa</key>
			<string>PBXFileReference</string>
			<key>lastKnownFileType</key>
			<string>wrapper.framework</string>
			<key>name</key>
			<string>UIKit.framework</string>
			<key>path</key>
			<string>System/Library/Frameworks/UIKit.framework</string>
			<key>sourceTree</key>
			<string>SDKROOT</string>
		</dict>
		<key>525DAB301895B1A700BD52D5</key>
		<dict>
			<key>fileRef</key>
			<string>525DAB2F1895B1A700BD52D5</string>
			<key>isa</key>
			<string>PBXBuildFile</string>
		</dict>
		<key>525DAB311895B1A700BD52D5</key>
		<dict>
			<key>children</key>
			<array>
				<string>525DAB3A1895B1A700BD52D5</string>
				<string>525DAB3B1895B1A700BD52D5</string>
				<string>525DAB3D1895B1A700BD52D5</string>
				<string>525DAB321895B1A700BD52D5</string>
			</array>
			<key>isa</key>
			<string>PBXGroup</string>
			<key>path</key>
			<string>VMRACProject</string>
			<key>sourceTree</key>
			<string>&lt;group&gt;</string>
		</dict>
		<key>525DAB321895B1A700BD52D5</key>
		<dict>
			<key>children</key>
			<array>
				<string>525DAB331895B1A700BD52D5</string>
				<string>525DAB341895B1A700BD52D5</string>
				<string>525DAB371895B1A700BD52D5</string>
				<string>525DAB391895B1A700BD52D5</string>
			</array>
			<key>isa</key>
			<string>PBXGroup</string>
			<key>name</key>
			<string>Supporting Files</string>
			<key>sourceTree</key>
			<string>&lt;group&gt;</string>
		</dict>
		<key>525DAB331895B1A700BD52D5</key>
		<dict>
			<key>isa</key>
			<string>PBXFileReference</string>
			<key>lastKnownFileType</key>
			<string>text.plist.xml</string>
			<key>path</key>
			<string>VMRACProject-Info.plist</string>
			<key>sourceTree</key>
			<string>&lt;group&gt;</string>
		</dict>
		<key>525DAB341895B1A700BD52D5</key>
		<dict>
			<key>children</key>
			<array>
				<string>525DAB351895B1A700BD52D5</string>
			</array>
			<key>isa</key>
			<string>PBXVariantGroup</string>
			<key>name</key>
			<string>InfoPlist.strings</string>
			<key>sourceTree</key>
			<string>&lt;group&gt;</string>
		</dict>
		<key>525DAB351895B1A700BD52D5</key>
		<dict>
			<key>isa</key>
			<string>PBXFileReference</string>
			<key>lastKnownFileType</key>
			<string>text.plist.strings</string>
			<key>name</key>
			<string>en</string>
			<key>path</key>
			<string>en.lproj/InfoPlist.strings</string>
			<key>sourceTree</key>
			<string>&lt;group&gt;</string>
		</dict>
		<key>525DAB361895B1A700BD52D5</key>
		<dict>
			<key>fileRef</key>
			<string>525DAB341895B1A700BD52D5</string>
			<key>isa</key>
			<string>PBXBuildFile</string>
		</dict>
		<key>525DAB371895B1A700BD52D5</key>
		<dict>
			<key>isa</key>
			<string>PBXFileReference</string>
			<key>lastKnownFileType</key>
			<string>sourcecode.c.objc</string>
			<key>path</key>
			<string>main.m</string>
			<key>sourceTree</key>
			<string>&lt;group&gt;</string>
		</dict>
		<key>525DAB381895B1A700BD52D5</key>
		<dict>
			<key>fileRef</key>
			<string>525DAB371895B1A700BD52D5</string>
			<key>isa</key>
			<string>PBXBuildFile</string>
		</dict>
		<key>525DAB391895B1A700BD52D5</key>
		<dict>
			<key>isa</key>
			<string>PBXFileReference</string>
			<key>lastKnownFileType</key>
			<string>sourcecode.c.h</string>
			<key>path</key>
			<string>VMRACProject-Prefix.pch</string>
			<key>sourceTree</key>
			<string>&lt;group&gt;</string>
		</dict>
		<key>525DAB3A1895B1A700BD52D5</key>
		<dict>
			<key>isa</key>
			<string>PBXFileReference</string>
			<key>lastKnownFileType</key>
			<string>sourcecode.c.h</string>
			<key>path</key>
			<string>VMAppDelegate.h</string>
			<key>sourceTree</key>
			<string>&lt;group&gt;</string>
		</dict>
		<key>525DAB3B1895B1A700BD52D5</key>
		<dict>
			<key>isa</key>
			<string>PBXFileReference</string>
			<key>lastKnownFileType</key>
			<string>sourcecode.c.objc</string>
			<key>path</key>
			<string>VMAppDelegate.m</string>
			<key>sourceTree</key>
			<string>&lt;group&gt;</string>
		</dict>
		<key>525DAB3C1895B1A700BD52D5</key>
		<dict>
			<key>fileRef</key>
			<string>525DAB3B1895B1A700BD52D5</string>
			<key>isa</key>
			<string>PBXBuildFile</string>
		</dict>
		<key>525DAB3D1895B1A700BD52D5</key>
		<dict>
			<key>isa</key>
			<string>PBXFileReference</string>
			<key>lastKnownFileType</key>
			<string>folder.assetcatalog</string>
			<key>path</key>
			<string>Images.xcassets</string>
			<key>sourceTree</key>
			<string>&lt;group&gt;</string>
		</dict>
		<key>525DAB3E1895B1A700BD52D5</key>
		<dict>
			<key>fileRef</key>
			<string>525DAB3D1895B1A700BD52D5</string>
			<key>isa</key>
			<string>PBXBuildFile</string>
		</dict>
		<key>525DAB3F1895B1A700BD52D5</key>
		<dict>
			<key>buildActionMask</key>
			<string>2147483647</string>
			<key>files</key>
			<array>
				<string>525DAB511895B1A700BD52D5</string>
			</array>
			<key>isa</key>
			<string>PBXSourcesBuildPhase</string>
			<key>runOnlyForDeploymentPostprocessing</key>
			<string>0</string>
		</dict>
		<key>525DAB401895B1A700BD52D5</key>
		<dict>
			<key>buildActionMask</key>
			<string>2147483647</string>
			<key>files</key>
			<array>
				<string>525DAB451895B1A700BD52D5</string>
				<string>525DAB471895B1A700BD52D5</string>
				<string>525DAB461895B1A700BD52D5</string>
				<string>3415E671EB774EEDB05EAD27</string>
			</array>
			<key>isa</key>
			<string>PBXFrameworksBuildPhase</string>
			<key>runOnlyForDeploymentPostprocessing</key>
			<string>0</string>
		</dict>
		<key>525DAB411895B1A700BD52D5</key>
		<dict>
			<key>buildActionMask</key>
			<string>2147483647</string>
			<key>files</key>
			<array>
				<string>525DAB4F1895B1A700BD52D5</string>
			</array>
			<key>isa</key>
			<string>PBXResourcesBuildPhase</string>
			<key>runOnlyForDeploymentPostprocessing</key>
			<string>0</string>
		</dict>
		<key>525DAB421895B1A700BD52D5</key>
		<dict>
			<key>buildConfigurationList</key>
			<string>525DAB571895B1A700BD52D5</string>
			<key>buildPhases</key>
			<array>
				<string>EDD65FD579A34AF082605CC4</string>
				<string>525DAB3F1895B1A700BD52D5</string>
				<string>525DAB401895B1A700BD52D5</string>
				<string>525DAB411895B1A700BD52D5</string>
				<string>5636978F49754D69902F7BC2</string>
			</array>
			<key>buildRules</key>
			<array/>
			<key>dependencies</key>
			<array>
				<string>525DAB491895B1A700BD52D5</string>
			</array>
			<key>isa</key>
			<string>PBXNativeTarget</string>
			<key>name</key>
			<string>VMRACProjectTests</string>
			<key>productName</key>
			<string>VMRACProjectTests</string>
			<key>productReference</key>
			<string>525DAB431895B1A700BD52D5</string>
			<key>productType</key>
			<string>com.apple.product-type.bundle.unit-test</string>
		</dict>
		<key>525DAB431895B1A700BD52D5</key>
		<dict>
			<key>explicitFileType</key>
			<string>wrapper.cfbundle</string>
			<key>includeInIndex</key>
			<string>0</string>
			<key>isa</key>
			<string>PBXFileReference</string>
			<key>path</key>
			<string>VMRACProjectTests.xctest</string>
			<key>sourceTree</key>
			<string>BUILT_PRODUCTS_DIR</string>
		</dict>
		<key>525DAB441895B1A700BD52D5</key>
		<dict>
			<key>isa</key>
			<string>PBXFileReference</string>
			<key>lastKnownFileType</key>
			<string>wrapper.framework</string>
			<key>name</key>
			<string>XCTest.framework</string>
			<key>path</key>
			<string>Library/Frameworks/XCTest.framework</string>
			<key>sourceTree</key>
			<string>DEVELOPER_DIR</string>
		</dict>
		<key>525DAB451895B1A700BD52D5</key>
		<dict>
			<key>fileRef</key>
			<string>525DAB441895B1A700BD52D5</string>
			<key>isa</key>
			<string>PBXBuildFile</string>
		</dict>
		<key>525DAB461895B1A700BD52D5</key>
		<dict>
			<key>fileRef</key>
			<string>525DAB2B1895B1A600BD52D5</string>
			<key>isa</key>
			<string>PBXBuildFile</string>
		</dict>
		<key>525DAB471895B1A700BD52D5</key>
		<dict>
			<key>fileRef</key>
			<string>525DAB2F1895B1A700BD52D5</string>
			<key>isa</key>
			<string>PBXBuildFile</string>
		</dict>
		<key>525DAB481895B1A700BD52D5</key>
		<dict>
			<key>containerPortal</key>
			<string>525DAB201895B1A600BD52D5</string>
			<key>isa</key>
			<string>PBXContainerItemProxy</string>
			<key>proxyType</key>
			<string>1</string>
			<key>remoteGlobalIDString</key>
			<string>525DAB271895B1A600BD52D5</string>
			<key>remoteInfo</key>
			<string>VMRACProject</string>
		</dict>
		<key>525DAB491895B1A700BD52D5</key>
		<dict>
			<key>isa</key>
			<string>PBXTargetDependency</string>
			<key>target</key>
			<string>525DAB271895B1A600BD52D5</string>
			<key>targetProxy</key>
			<string>525DAB481895B1A700BD52D5</string>
		</dict>
		<key>525DAB4A1895B1A700BD52D5</key>
		<dict>
			<key>children</key>
			<array>
				<string>525DAB501895B1A700BD52D5</string>
				<string>525DAB4B1895B1A700BD52D5</string>
			</array>
			<key>isa</key>
			<string>PBXGroup</string>
			<key>path</key>
			<string>VMRACProjectTests</string>
			<key>sourceTree</key>
			<string>&lt;group&gt;</string>
		</dict>
		<key>525DAB4B1895B1A700BD52D5</key>
		<dict>
			<key>children</key>
			<array>
				<string>525DAB4C1895B1A700BD52D5</string>
				<string>525DAB4D1895B1A700BD52D5</string>
			</array>
			<key>isa</key>
			<string>PBXGroup</string>
			<key>name</key>
			<string>Supporting Files</string>
			<key>sourceTree</key>
			<string>&lt;group&gt;</string>
		</dict>
		<key>525DAB4C1895B1A700BD52D5</key>
		<dict>
			<key>isa</key>
			<string>PBXFileReference</string>
			<key>lastKnownFileType</key>
			<string>text.plist.xml</string>
			<key>path</key>
			<string>VMRACProjectTests-Info.plist</string>
			<key>sourceTree</key>
			<string>&lt;group&gt;</string>
		</dict>
		<key>525DAB4D1895B1A700BD52D5</key>
		<dict>
			<key>children</key>
			<array>
				<string>525DAB4E1895B1A700BD52D5</string>
			</array>
			<key>isa</key>
			<string>PBXVariantGroup</string>
			<key>name</key>
			<string>InfoPlist.strings</string>
			<key>sourceTree</key>
			<string>&lt;group&gt;</string>
		</dict>
		<key>525DAB4E1895B1A700BD52D5</key>
		<dict>
			<key>isa</key>
			<string>PBXFileReference</string>
			<key>lastKnownFileType</key>
			<string>text.plist.strings</string>
			<key>name</key>
			<string>en</string>
			<key>path</key>
			<string>en.lproj/InfoPlist.strings</string>
			<key>sourceTree</key>
			<string>&lt;group&gt;</string>
		</dict>
		<key>525DAB4F1895B1A700BD52D5</key>
		<dict>
			<key>fileRef</key>
			<string>525DAB4D1895B1A700BD52D5</string>
			<key>isa</key>
			<string>PBXBuildFile</string>
		</dict>
		<key>525DAB501895B1A700BD52D5</key>
		<dict>
			<key>isa</key>
			<string>PBXFileReference</string>
			<key>lastKnownFileType</key>
			<string>sourcecode.c.objc</string>
			<key>path</key>
			<string>VMRACProjectTests.m</string>
			<key>sourceTree</key>
			<string>&lt;group&gt;</string>
		</dict>
		<key>525DAB511895B1A700BD52D5</key>
		<dict>
			<key>fileRef</key>
			<string>525DAB501895B1A700BD52D5</string>
			<key>isa</key>
			<string>PBXBuildFile</string>
		</dict>
		<key>525DAB521895B1A700BD52D5</key>
		<dict>
			<key>buildSettings</key>
			<dict>
				<key>ALWAYS_SEARCH_USER_PATHS</key>
				<string>NO</string>
				<key>ARCHS</key>
				<string>$(ARCHS_STANDARD_INCLUDING_64_BIT)</string>
				<key>CLANG_CXX_LANGUAGE_STANDARD</key>
				<string>gnu++0x</string>
				<key>CLANG_CXX_LIBRARY</key>
				<string>libc++</string>
				<key>CLANG_ENABLE_MODULES</key>
				<string>YES</string>
				<key>CLANG_ENABLE_OBJC_ARC</key>
				<string>YES</string>
				<key>CLANG_WARN_BOOL_CONVERSION</key>
				<string>YES</string>
				<key>CLANG_WARN_CONSTANT_CONVERSION</key>
				<string>YES</string>
				<key>CLANG_WARN_DIRECT_OBJC_ISA_USAGE</key>
				<string>YES_ERROR</string>
				<key>CLANG_WARN_EMPTY_BODY</key>
				<string>YES</string>
				<key>CLANG_WARN_ENUM_CONVERSION</key>
				<string>YES</string>
				<key>CLANG_WARN_INT_CONVERSION</key>
				<string>YES</string>
				<key>CLANG_WARN_OBJC_ROOT_CLASS</key>
				<string>YES_ERROR</string>
				<key>CLANG_WARN__DUPLICATE_METHOD_MATCH</key>
				<string>YES</string>
				<key>CODE_SIGN_IDENTITY[sdk=iphoneos*]</key>
				<string>iPhone Developer</string>
				<key>COPY_PHASE_STRIP</key>
				<string>NO</string>
				<key>GCC_C_LANGUAGE_STANDARD</key>
				<string>gnu99</string>
				<key>GCC_DYNAMIC_NO_PIC</key>
				<string>NO</string>
				<key>GCC_OPTIMIZATION_LEVEL</key>
				<string>0</string>
				<key>GCC_PREPROCESSOR_DEFINITIONS</key>
				<array>
					<string>DEBUG=1</string>
					<string>$(inherited)</string>
				</array>
				<key>GCC_SYMBOLS_PRIVATE_EXTERN</key>
				<string>NO</string>
				<key>GCC_WARN_64_TO_32_BIT_CONVERSION</key>
				<string>YES</string>
				<key>GCC_WARN_ABOUT_RETURN_TYPE</key>
				<string>YES_ERROR</string>
				<key>GCC_WARN_UNDECLARED_SELECTOR</key>
				<string>YES</string>
				<key>GCC_WARN_UNINITIALIZED_AUTOS</key>
				<string>YES</string>
				<key>GCC_WARN_UNUSED_FUNCTION</key>
				<string>YES</string>
				<key>GCC_WARN_UNUSED_VARIABLE</key>
				<string>YES</string>
				<key>IPHONEOS_DEPLOYMENT_TARGET</key>
				<string>7.0</string>
				<key>ONLY_ACTIVE_ARCH</key>
				<string>YES</string>
				<key>SDKROOT</key>
				<string>iphoneos</string>
			</dict>
			<key>isa</key>
			<string>XCBuildConfiguration</string>
			<key>name</key>
			<string>Debug</string>
		</dict>
		<key>525DAB531895B1A700BD52D5</key>
		<dict>
			<key>buildSettings</key>
			<dict>
				<key>ALWAYS_SEARCH_USER_PATHS</key>
				<string>NO</string>
				<key>ARCHS</key>
				<string>$(ARCHS_STANDARD_INCLUDING_64_BIT)</string>
				<key>CLANG_CXX_LANGUAGE_STANDARD</key>
				<string>gnu++0x</string>
				<key>CLANG_CXX_LIBRARY</key>
				<string>libc++</string>
				<key>CLANG_ENABLE_MODULES</key>
				<string>YES</string>
				<key>CLANG_ENABLE_OBJC_ARC</key>
				<string>YES</string>
				<key>CLANG_WARN_BOOL_CONVERSION</key>
				<string>YES</string>
				<key>CLANG_WARN_CONSTANT_CONVERSION</key>
				<string>YES</string>
				<key>CLANG_WARN_DIRECT_OBJC_ISA_USAGE</key>
				<string>YES_ERROR</string>
				<key>CLANG_WARN_EMPTY_BODY</key>
				<string>YES</string>
				<key>CLANG_WARN_ENUM_CONVERSION</key>
				<string>YES</string>
				<key>CLANG_WARN_INT_CONVERSION</key>
				<string>YES</string>
				<key>CLANG_WARN_OBJC_ROOT_CLASS</key>
				<string>YES_ERROR</string>
				<key>CLANG_WARN__DUPLICATE_METHOD_MATCH</key>
				<string>YES</string>
				<key>CODE_SIGN_IDENTITY[sdk=iphoneos*]</key>
				<string>iPhone Developer</string>
				<key>COPY_PHASE_STRIP</key>
				<string>YES</string>
				<key>ENABLE_NS_ASSERTIONS</key>
				<string>NO</string>
				<key>GCC_C_LANGUAGE_STANDARD</key>
				<string>gnu99</string>
				<key>GCC_WARN_64_TO_32_BIT_CONVERSION</key>
				<string>YES</string>
				<key>GCC_WARN_ABOUT_RETURN_TYPE</key>
				<string>YES_ERROR</string>
				<key>GCC_WARN_UNDECLARED_SELECTOR</key>
				<string>YES</string>
				<key>GCC_WARN_UNINITIALIZED_AUTOS</key>
				<string>YES</string>
				<key>GCC_WARN_UNUSED_FUNCTION</key>
				<string>YES</string>
				<key>GCC_WARN_UNUSED_VARIABLE</key>
				<string>YES</string>
				<key>IPHONEOS_DEPLOYMENT_TARGET</key>
				<string>7.0</string>
				<key>SDKROOT</key>
				<string>iphoneos</string>
				<key>VALIDATE_PRODUCT</key>
				<string>YES</string>
			</dict>
			<key>isa</key>
			<string>XCBuildConfiguration</string>
			<key>name</key>
			<string>Release</string>
		</dict>
		<key>525DAB541895B1A700BD52D5</key>
		<dict>
			<key>buildConfigurations</key>
			<array>
				<string>525DAB551895B1A700BD52D5</string>
				<string>525DAB561895B1A700BD52D5</string>
			</array>
			<key>defaultConfigurationIsVisible</key>
			<string>0</string>
			<key>isa</key>
			<string>XCConfigurationList</string>
		</dict>
		<key>525DAB551895B1A700BD52D5</key>
		<dict>
			<key>baseConfigurationReference</key>
			<string>0D1FFD9A199B400AA3D62DD8</string>
			<key>buildSettings</key>
			<dict>
				<key>ASSETCATALOG_COMPILER_APPICON_NAME</key>
				<string>AppIcon</string>
				<key>ASSETCATALOG_COMPILER_LAUNCHIMAGE_NAME</key>
				<string>LaunchImage</string>
				<key>GCC_PRECOMPILE_PREFIX_HEADER</key>
				<string>YES</string>
				<key>GCC_PREFIX_HEADER</key>
				<string>VMRACProject/VMRACProject-Prefix.pch</string>
				<key>INFOPLIST_FILE</key>
				<string>VMRACProject/VMRACProject-Info.plist</string>
				<key>PRODUCT_NAME</key>
				<string>$(TARGET_NAME)</string>
				<key>WRAPPER_EXTENSION</key>
				<string>app</string>
			</dict>
			<key>isa</key>
			<string>XCBuildConfiguration</string>
			<key>name</key>
			<string>Debug</string>
		</dict>
		<key>525DAB561895B1A700BD52D5</key>
		<dict>
			<key>baseConfigurationReference</key>
			<string>0D1FFD9A199B400AA3D62DD8</string>
			<key>buildSettings</key>
			<dict>
				<key>ASSETCATALOG_COMPILER_APPICON_NAME</key>
				<string>AppIcon</string>
				<key>ASSETCATALOG_COMPILER_LAUNCHIMAGE_NAME</key>
				<string>LaunchImage</string>
				<key>GCC_PRECOMPILE_PREFIX_HEADER</key>
				<string>YES</string>
				<key>GCC_PREFIX_HEADER</key>
				<string>VMRACProject/VMRACProject-Prefix.pch</string>
				<key>INFOPLIST_FILE</key>
				<string>VMRACProject/VMRACProject-Info.plist</string>
				<key>PRODUCT_NAME</key>
				<string>$(TARGET_NAME)</string>
				<key>WRAPPER_EXTENSION</key>
				<string>app</string>
			</dict>
			<key>isa</key>
			<string>XCBuildConfiguration</string>
			<key>name</key>
			<string>Release</string>
		</dict>
		<key>525DAB571895B1A700BD52D5</key>
		<dict>
			<key>buildConfigurations</key>
			<array>
				<string>525DAB581895B1A700BD52D5</string>
				<string>525DAB591895B1A700BD52D5</string>
			</array>
			<key>defaultConfigurationIsVisible</key>
			<string>0</string>
			<key>isa</key>
			<string>XCConfigurationList</string>
		</dict>
		<key>525DAB581895B1A700BD52D5</key>
		<dict>
			<key>baseConfigurationReference</key>
			<string>4248071CDB87466DAFE36AA2</string>
			<key>buildSettings</key>
			<dict>
				<key>ARCHS</key>
				<string>$(ARCHS_STANDARD_INCLUDING_64_BIT)</string>
				<key>BUNDLE_LOADER</key>
				<string>$(BUILT_PRODUCTS_DIR)/VMRACProject.app/VMRACProject</string>
				<key>FRAMEWORK_SEARCH_PATHS</key>
				<array>
					<string>$(SDKROOT)/Developer/Library/Frameworks</string>
					<string>$(inherited)</string>
					<string>$(DEVELOPER_FRAMEWORKS_DIR)</string>
				</array>
				<key>GCC_PRECOMPILE_PREFIX_HEADER</key>
				<string>YES</string>
				<key>GCC_PREFIX_HEADER</key>
				<string>VMRACProject/VMRACProject-Prefix.pch</string>
				<key>GCC_PREPROCESSOR_DEFINITIONS</key>
				<array>
					<string>DEBUG=1</string>
					<string>$(inherited)</string>
				</array>
				<key>INFOPLIST_FILE</key>
				<string>VMRACProjectTests/VMRACProjectTests-Info.plist</string>
				<key>PRODUCT_NAME</key>
				<string>$(TARGET_NAME)</string>
				<key>TEST_HOST</key>
				<string>$(BUNDLE_LOADER)</string>
				<key>WRAPPER_EXTENSION</key>
				<string>xctest</string>
			</dict>
			<key>isa</key>
			<string>XCBuildConfiguration</string>
			<key>name</key>
			<string>Debug</string>
		</dict>
		<key>525DAB591895B1A700BD52D5</key>
		<dict>
			<key>baseConfigurationReference</key>
			<string>4248071CDB87466DAFE36AA2</string>
			<key>buildSettings</key>
			<dict>
				<key>ARCHS</key>
				<string>$(ARCHS_STANDARD_INCLUDING_64_BIT)</string>
				<key>BUNDLE_LOADER</key>
				<string>$(BUILT_PRODUCTS_DIR)/VMRACProject.app/VMRACProject</string>
				<key>FRAMEWORK_SEARCH_PATHS</key>
				<array>
					<string>$(SDKROOT)/Developer/Library/Frameworks</string>
					<string>$(inherited)</string>
					<string>$(DEVELOPER_FRAMEWORKS_DIR)</string>
				</array>
				<key>GCC_PRECOMPILE_PREFIX_HEADER</key>
				<string>YES</string>
				<key>GCC_PREFIX_HEADER</key>
				<string>VMRACProject/VMRACProject-Prefix.pch</string>
				<key>INFOPLIST_FILE</key>
				<string>VMRACProjectTests/VMRACProjectTests-Info.plist</string>
				<key>PRODUCT_NAME</key>
				<string>$(TARGET_NAME)</string>
				<key>TEST_HOST</key>
				<string>$(BUNDLE_LOADER)</string>
				<key>WRAPPER_EXTENSION</key>
				<string>xctest</string>
			</dict>
			<key>isa</key>
			<string>XCBuildConfiguration</string>
			<key>name</key>
			<string>Release</string>
		</dict>
		<key>5636978F49754D69902F7BC2</key>
		<dict>
			<key>buildActionMask</key>
			<string>2147483647</string>
			<key>files</key>
			<array/>
			<key>inputPaths</key>
			<array/>
			<key>isa</key>
			<string>PBXShellScriptBuildPhase</string>
			<key>name</key>
			<string>Copy Pods Resources</string>
			<key>outputPaths</key>
			<array/>
			<key>runOnlyForDeploymentPostprocessing</key>
			<string>0</string>
			<key>shellPath</key>
			<string>/bin/sh</string>
			<key>shellScript</key>
			<string>"${SRCROOT}/Pods/Pods-VMRACProjectTests-resources.sh"
</string>
			<key>showEnvVarsInLog</key>
			<string>0</string>
		</dict>
		<key>65B77122DB0A42DAB59E6166</key>
		<dict>
			<key>explicitFileType</key>
			<string>archive.ar</string>
			<key>includeInIndex</key>
			<string>0</string>
			<key>isa</key>
			<string>PBXFileReference</string>
			<key>path</key>
			<string>libPods.a</string>
			<key>sourceTree</key>
			<string>BUILT_PRODUCTS_DIR</string>
		</dict>
		<key>95E6D79C12354789AC461F70</key>
		<dict>
			<key>buildActionMask</key>
			<string>2147483647</string>
			<key>files</key>
			<array/>
			<key>inputPaths</key>
			<array/>
			<key>isa</key>
			<string>PBXShellScriptBuildPhase</string>
			<key>name</key>
			<string>Check Pods Manifest.lock</string>
			<key>outputPaths</key>
			<array/>
			<key>runOnlyForDeploymentPostprocessing</key>
			<string>0</string>
			<key>shellPath</key>
			<string>/bin/sh</string>
			<key>shellScript</key>
			<string>diff "${PODS_ROOT}/../Podfile.lock" "${PODS_ROOT}/Manifest.lock" &gt; /dev/null
if [[ $? != 0 ]] ; then
    cat &lt;&lt; EOM
error: The sandbox is not in sync with the Podfile.lock. Run 'pod install' or update your CocoaPods installation.
EOM
    exit 1
fi
</string>
			<key>showEnvVarsInLog</key>
			<string>0</string>
		</dict>
		<key>96A60109F6B2446F8B85BF6A</key>
		<dict>
			<key>explicitFileType</key>
			<string>archive.ar</string>
			<key>includeInIndex</key>
			<string>0</string>
			<key>isa</key>
			<string>PBXFileReference</string>
			<key>path</key>
			<string>libPods-VMRACProjectTests.a</string>
			<key>sourceTree</key>
			<string>BUILT_PRODUCTS_DIR</string>
		</dict>
		<key>BDA4BD75C92442C3B5FC7CA6</key>
		<dict>
			<key>buildActionMask</key>
			<string>2147483647</string>
			<key>files</key>
			<array/>
			<key>inputPaths</key>
			<array/>
			<key>isa</key>
			<string>PBXShellScriptBuildPhase</string>
			<key>name</key>
			<string>Copy Pods Resources</string>
			<key>outputPaths</key>
			<array/>
			<key>runOnlyForDeploymentPostprocessing</key>
			<string>0</string>
			<key>shellPath</key>
			<string>/bin/sh</string>
			<key>shellScript</key>
			<string>"${SRCROOT}/Pods/Pods-resources.sh"
</string>
			<key>showEnvVarsInLog</key>
			<string>0</string>
		</dict>
		<key>EDD65FD579A34AF082605CC4</key>
		<dict>
			<key>buildActionMask</key>
			<string>2147483647</string>
			<key>files</key>
			<array/>
			<key>inputPaths</key>
			<array/>
			<key>isa</key>
			<string>PBXShellScriptBuildPhase</string>
			<key>name</key>
			<string>Check Pods Manifest.lock</string>
			<key>outputPaths</key>
			<array/>
			<key>runOnlyForDeploymentPostprocessing</key>
			<string>0</string>
			<key>shellPath</key>
			<string>/bin/sh</string>
			<key>shellScript</key>
			<string>diff "${PODS_ROOT}/../Podfile.lock" "${PODS_ROOT}/Manifest.lock" &gt; /dev/null
if [[ $? != 0 ]] ; then
    cat &lt;&lt; EOM
error: The sandbox is not in sync with the Podfile.lock. Run 'pod install' or update your CocoaPods installation.
EOM
    exit 1
fi
</string>
			<key>showEnvVarsInLog</key>
			<string>0</string>
		</dict>
	</dict>
	<key>rootObject</key>
	<string>525DAB201895B1A600BD52D5</string>
</dict>
</plist>
